
Microsoft Visual Studio Solution File, Format Version 12.00
# Visual Studio Version 17
VisualStudioVersion = 17.0.32014.148
MinimumVisualStudioVersion = 10.0.40219.1
Project("{FAE04EC0-301F-11D3-BF4B-00C04F79EFBC}") = "TravelTripProject", "TravelTripProject\TravelTripProject.csproj", "{2809AD34-2098-4AE6-87EA-80E41FDE99F2}"
EndProject
Global
	GlobalSection(SolutionConfigurationPlatforms) = preSolution
		Debug|Any CPU = Debug|Any CPU
		Release|Any CPU = Release|Any CPU
	EndGlobalSection
	GlobalSection(ProjectConfigurationPlatforms) = postSolution
		{2809AD34-2098-4AE6-87EA-80E41FDE99F2}.Debug|Any CPU.ActiveCfg = Debug|Any CPU
		{2809AD34-2098-4AE6-87EA-80E41FDE99F2}.Debug|Any CPU.Build.0 = Debug|Any CPU
		{2809AD34-2098-4AE6-87EA-80E41FDE99F2}.Release|Any CPU.ActiveCfg = Release|Any CPU
		{2809AD34-2098-4AE6-87EA-80E41FDE99F2}.Release|Any CPU.Build.0 = Release|Any CPU
	EndGlobalSection
	GlobalSection(SolutionProperties) = preSolution
		HideSolutionNode = FALSE
	EndGlobalSection
	GlobalSection(ExtensibilityGlobals) = postSolution
		SolutionGuid = {DC3076BF-39CD-46EE-AF50-4E8083F06118}
	EndGlobalSection
EndGlobal
